{
  "version": 4,
  "terraform_version": "1.5.4",
  "serial": 3,
  "lineage": "f1886afe-057b-3876-8f99-f50e399e99c6",
  "outputs": {},
  "resources": [
    {
      "mode": "managed",
      "type": "harness_platform_project",
      "name": "project",
      "provider": "provider[\"registry.terraform.io/harness/harness\"]",
      "instances": [
        {
          "schema_version": 0,
          "attributes": {
            "color": "#0063F7",
            "description": "Example project description",
            "id": "onboarding",
            "identifier": "onboarding",
            "modules": [
              "CD",
              "CE",
              "CET",
              "CF",
              "CHAOS",
              "CI",
              "CODE",
              "CORE",
              "CV",
              "IACM",
              "IDP",
              "PMS",
              "SEI",
              "SRM",
              "SSCA",
              "STO",
              "TEMPLATESERVICE"
            ],
            "name": "onboarding",
            "org_id": "default",
            "tags": null
          },
          "sensitive_attributes": [],
          "private": "bnVsbA=="
        }
      ]
    }
  ],
  "check_results": null
}
